
Microsoft Visual Studio Solution File, Format Version 12.00
# Visual Studio Version 17
VisualStudioVersion = 17.14.37012.4 d17.14
MinimumVisualStudioVersion = 10.0.40219.1
Project("{FAE04EC0-301F-11D3-BF4B-00C04F79EFBC}") = "SWES", "SWES\SWES.csproj", "{1E333EB5-E396-4722-876E-EA20010F62C8}"
EndProject
Global
	GlobalSection(SolutionConfigurationPlatforms) = preSolution
		Debug|Any CPU = Debug|Any CPU
		Release|Any CPU = Release|Any CPU
	EndGlobalSection
	GlobalSection(ProjectConfigurationPlatforms) = postSolution
		{1E333EB5-E396-4722-876E-EA20010F62C8}.Debug|Any CPU.ActiveCfg = Debug|Any CPU
		{1E333EB5-E396-4722-876E-EA20010F62C8}.Debug|Any CPU.Build.0 = Debug|Any CPU
		{1E333EB5-E396-4722-876E-EA20010F62C8}.Release|Any CPU.ActiveCfg = Release|Any CPU
		{1E333EB5-E396-4722-876E-EA20010F62C8}.Release|Any CPU.Build.0 = Release|Any CPU
	EndGlobalSection
	GlobalSection(SolutionProperties) = preSolution
		HideSolutionNode = FALSE
	EndGlobalSection
	GlobalSection(ExtensibilityGlobals) = postSolution
		SolutionGuid = {237F1AC2-0896-4F75-9ED3-BD5A3FE767E1}
	EndGlobalSection
EndGlobal
